<?xml version="1.0" encoding="utf-8"?>
<Project ToolsVersion="4.0" xmlns="http://schemas.microsoft.com/developer/msbuild/2003">
  <ItemGroup>
    <Filter Include="Source Files">
      <UniqueIdentifier>{4FC737F1-C7A5-4376-A066-2A32D752A2FF}</UniqueIdentifier>
      <Extensions>cpp;c;cc;cxx;def;odl;idl;hpj;bat;asm;asmx</Extensions>
    </Filter>
    <Filter Include="Resource Files">
      <UniqueIdentifier>{67DA6AB6-F800-4c08-8B7A-83BB121AAD01}</UniqueIdentifier>
      <Extensions>rc;ico;cur;bmp;dlg;rc2;rct;bin;rgs;gif;jpg;jpeg;jpe;resx;tiff;tif;png;wav;mfcribbon-ms</Extensions>
    </Filter>
    <Filter Include="Header Files">
      <UniqueIdentifier>{93995380-89BD-4b04-88EB-625FBE52EBFB}</UniqueIdentifier>
      <Extensions>h;hh;hpp;hxx;hm;inl;inc;xsd</Extensions>
    </Filter>
    <Filter Include="CUDA Source">
      <UniqueIdentifier>{93a3e494-d740-49b7-b9a2-61fb7330fad0}</UniqueIdentifier>
    </Filter>
    <Filter Include="CUDA Header">
      <UniqueIdentifier>{75155637-72a6-4660-89b0-5d674b3488a3}</UniqueIdentifier>
    </Filter>
  </ItemGroup>
  <ItemGroup>
    <ClCompile Include="dpra_cpu.cpp">
      <Filter>Source Files</Filter>
    </ClCompile>
    <ClCompile Include="dpra_cpuf.cpp">
      <Filter>Source Files</Filter>
    </ClCompile>
    <ClCompile Include="dpra_hybridf.cpp">
      <Filter>Source Files</Filter>
    </ClCompile>
    <ClCompile Include="dpra_hybrid.cpp">
      <Filter>Source Files</Filter>
    </ClCompile>
  </ItemGroup>
  <ItemGroup>
    <ClInclude Include="dpra_cpu.h">
      <Filter>Header Files</Filter>
    </ClInclude>
    <ClInclude Include="dpra_cpuf.h">
      <Filter>Header Files</Filter>
    </ClInclude>
    <ClInclude Include="dpra_cudaf.h">
      <Filter>Header Files</Filter>
    </ClInclude>
    <ClInclude Include="dpra_cuda.h">
      <Filter>Header Files</Filter>
    </ClInclude>
    <ClInclude Include="dpra_hybridf.h">
      <Filter>Header Files</Filter>
    </ClInclude>
    <ClInclude Include="dpra_hybrid.cuh">
      <Filter>CUDA Header</Filter>
    </ClInclude>
    <ClInclude Include="dpra_hybrid.h">
      <Filter>Header Files</Filter>
    </ClInclude>
  </ItemGroup>
  <ItemGroup>
    <CudaCompile Include="dpra_cudaf.cu">
      <Filter>CUDA Source</Filter>
    </CudaCompile>
    <CudaCompile Include="dpra_cuda.cu">
      <Filter>CUDA Source</Filter>
    </CudaCompile>
    <CudaCompile Include="dpra_hybrid.cu">
      <Filter>CUDA Source</Filter>
    </CudaCompile>
  </ItemGroup>
</Project>